{
  "object": {
    "pins": [
      {
        "package": "swift-nio",
        "repositoryURL": "https://github.com/apple/swift-nio.git",
        "state": {
          "branch": null,
          "revision": "b8368b6e09b7993896c42a6199103a73ecc1dbf9",
          "version": "2.0.0"
        }
      }
    ]
  },
  "version": 1
}
